// !$*UTF8*$!
{
	archiveVersion = 1;
	classes = {
	};
	objectVersion = 56;
	objects = {

/* Begin PBXBuildFile section */
		1C05E0342AF3AFBF00599BBF /* AppDelegate.swift in Sources */ = {isa = PBXBuildFile; fileRef = 1C05E0332AF3AFBF00599BBF /* AppDelegate.swift */; };
		1C05E0362AF3AFBF00599BBF /* SceneDelegate.swift in Sources */ = {isa = PBXBuildFile; fileRef = 1C05E0352AF3AFBF00599BBF /* SceneDelegate.swift */; };
		1C05E0382AF3AFBF00599BBF /* ViewController.swift in Sources */ = {isa = PBXBuildFile; fileRef = 1C05E0372AF3AFBF00599BBF /* ViewController.swift */; };
		1C05E03B2AF3AFBF00599BBF /* Main.storyboard in Resources */ = {isa = PBXBuildFile; fileRef = 1C05E0392AF3AFBF00599BBF /* Main.storyboard */; };
		1C05E03D2AF3AFBF00599BBF /* Assets.xcassets in Resources */ = {isa = PBXBuildFile; fileRef = 1C05E03C2AF3AFBF00599BBF /* Assets.xcassets */; };
		1C05E0402AF3AFBF00599BBF /* LaunchScreen.storyboard in Resources */ = {isa = PBXBuildFile; fileRef = 1C05E03E2AF3AFBF00599BBF /* LaunchScreen.storyboard */; };
		1C05E04A2AF3B94C00599BBF /* VerticalCollectionViewCell.swift in Sources */ = {isa = PBXBuildFile; fileRef = 1C05E0492AF3B94C00599BBF /* VerticalCollectionViewCell.swift */; };
		1CEF201C2AF4BE2000DD90E1 /* HorizontalCollectionViewCell.swift in Sources */ = {isa = PBXBuildFile; fileRef = 1CEF201B2AF4BE2000DD90E1 /* HorizontalCollectionViewCell.swift */; };
/* End PBXBuildFile section */

/* Begin PBXFileReference section */
		1C05E0302AF3AFBF00599BBF /* UMC#4.app */ = {isa = PBXFileReference; explicitFileType = wrapper.application; includeInIndex = 0; path = "UMC#4.app"; sourceTree = BUILT_PRODUCTS_DIR; };
		1C05E0332AF3AFBF00599BBF /* AppDelegate.swift */ = {isa = PBXFileReference; lastKnownFileType = sourcecode.swift; path = AppDelegate.swift; sourceTree = "<group>"; };
		1C05E0352AF3AFBF00599BBF /* SceneDelegate.swift */ = {isa = PBXFileReference; lastKnownFileType = sourcecode.swift; path = SceneDelegate.swift; sourceTree = "<group>"; };
		1C05E0372AF3AFBF00599BBF /* ViewController.swift */ = {isa = PBXFileReference; lastKnownFileType = sourcecode.swift; path = ViewController.swift; sourceTree = "<group>"; };
		1C05E03A2AF3AFBF00599BBF /* Base */ = {isa = PBXFileReference; lastKnownFileType = file.storyboard; name = Base; path = Base.lproj/Main.storyboard; sourceTree = "<group>"; };
		1C05E03C2AF3AFBF00599BBF /* Assets.xcassets */ = {isa = PBXFileReference; lastKnownFileType = folder.assetcatalog; path = Assets.xcassets; sourceTree = "<group>"; };
		1C05E03F2AF3AFBF00599BBF /* Base */ = {isa = PBXFileReference; lastKnownFileType = file.storyboard; name = Base; path = Base.lproj/LaunchScreen.storyboard; sourceTree = "<group>"; };
		1C05E0412AF3AFBF00599BBF /* Info.plist */ = {isa = PBXFileReference; lastKnownFileType = text.plist.xml; path = Info.plist; sourceTree = "<group>"; };
		1C05E0492AF3B94C00599BBF /* VerticalCollectionViewCell.swift */ = {isa = PBXFileReference; lastKnownFileType = sourcecode.swift; path = VerticalCollectionViewCell.swift; sourceTree = "<group>"; };
		1CEF201B2AF4BE2000DD90E1 /* HorizontalCollectionViewCell.swift */ = {isa = PBXFileReference; lastKnownFileType = sourcecode.swift; path = HorizontalCollectionViewCell.swift; sourceTree = "<group>"; };
/* End PBXFileReference section */

/* Begin PBXFrameworksBuildPhase section */
		1C05E02D2AF3AFBF00599BBF /* Frameworks */ = {
			isa = PBXFrameworksBuildPhase;
			buildActionMask = 2147483647;
			files = (
			);
			runOnlyForDeploymentPostprocessing = 0;
		};
/* End PBXFrameworksBuildPhase section */

/* Begin PBXGroup section */
		1C05E0272AF3AFBF00599BBF = {
			isa = PBXGroup;
			children = (
				1C05E0322AF3AFBF00599BBF /* UMC#4 */,
				1C05E0312AF3AFBF00599BBF /* Products */,
			);
			sourceTree = "<group>";
		};
		1C05E0312AF3AFBF00599BBF /* Products */ = {
			isa = PBXGroup;
			children = (
				1C05E0302AF3AFBF00599BBF /* UMC#4.app */,
			);
			name = Products;
			sourceTree = "<group>";
		};
		1C05E0322AF3AFBF00599BBF /* UMC#4 */ = {
			isa = PBXGroup;
			children = (
				1C05E0332AF3AFBF00599BBF /* AppDelegate.swift */,
				1C05E0352AF3AFBF00599BBF /* SceneDelegate.swift */,
				1C05E0372AF3AFBF00599BBF /* ViewController.swift */,
				1CEF201B2AF4BE2000DD90E1 /* HorizontalCollectionViewCell.swift */,
				1C05E0492AF3B94C00599BBF /* VerticalCollectionViewCell.swift */,
				1C05E0392AF3AFBF00599BBF /* Main.storyboard */,
				1C05E03C2AF3AFBF00599BBF /* Assets.xcassets */,
				1C05E03E2AF3AFBF00599BBF /* LaunchScreen.storyboard */,
				1C05E0412AF3AFBF00599BBF /* Info.plist */,
			);
			path = "UMC#4";
			sourceTree = "<group>";
		};
/* End PBXGroup section */

/* Begin PBXNativeTarget section */
		1C05E02F2AF3AFBF00599BBF /* UMC#4 */ = {
			isa = PBXNativeTarget;
			buildConfigurationList = 1C05E0442AF3AFBF00599BBF /* Build configuration list for PBXNativeTarget "UMC#4" */;
			buildPhases = (
				1C05E02C2AF3AFBF00599BBF /* Sources */,
				1C05E02D2AF3AFBF00599BBF /* Frameworks */,
				1C05E02E2AF3AFBF00599BBF /* Resources */,
			);
			buildRules = (
			);
			dependencies = (
			);
			name = "UMC#4";
			productName = "UMC#4";
			productReference = 1C05E0302AF3AFBF00599BBF /* UMC#4.app */;
			productType = "com.apple.product-type.application";
		};
/* End PBXNativeTarget section */

/* Begin PBXProject section */
		1C05E0282AF3AFBF00599BBF /* Project object */ = {
			isa = PBXProject;
			attributes = {
				BuildIndependentTargetsInParallel = 1;
				LastSwiftUpdateCheck = 1430;
				LastUpgradeCheck = 1430;
				TargetAttributes = {
					1C05E02F2AF3AFBF00599BBF = {
						CreatedOnToolsVersion = 14.3.1;
					};
				};
			};
			buildConfigurationList = 1C05E02B2AF3AFBF00599BBF /* Build configuration list for PBXProject "UMC#4" */;
			compatibilityVersion = "Xcode 14.0";
			developmentRegion = en;
			hasScannedForEncodings = 0;
			knownRegions = (
				en,
				Base,
			);
			mainGroup = 1C05E0272AF3AFBF00599BBF;
			productRefGroup = 1C05E0312AF3AFBF00599BBF /* Products */;
			projectDirPath = "";
			projectRoot = "";
			targets = (
				1C05E02F2AF3AFBF00599BBF /* UMC#4 */,
			);
		};
/* End PBXProject section */

/* Begin PBXResourcesBuildPhase section */
		1C05E02E2AF3AFBF00599BBF /* Resources */ = {
			isa = PBXResourcesBuildPhase;
			buildActionMask = 2147483647;
			files = (
				1C05E0402AF3AFBF00599BBF /* LaunchScreen.storyboard in Resources */,
				1C05E03D2AF3AFBF00599BBF /* Assets.xcassets in Resources */,
				1C05E03B2AF3AFBF00599BBF /* Main.storyboard in Resources */,
			);
			runOnlyForDeploymentPostprocessing = 0;
		};
/* End PBXResourcesBuildPhase section */

/* Begin PBXSourcesBuildPhase section */
		1C05E02C2AF3AFBF00599BBF /* Sources */ = {
			isa = PBXSourcesBuildPhase;
			buildActionMask = 2147483647;
			files = (
				1CEF201C2AF4BE2000DD90E1 /* HorizontalCollectionViewCell.swift in Sources */,
				1C05E0382AF3AFBF00599BBF /* ViewController.swift in Sources */,
				1C05E0342AF3AFBF00599BBF /* AppDelegate.swift in Sources */,
				1C05E0362AF3AFBF00599BBF /* SceneDelegate.swift in Sources */,
				1C05E04A2AF3B94C00599BBF /* VerticalCollectionViewCell.swift in Sources */,
			);
			runOnlyForDeploymentPostprocessing = 0;
		};
/* End PBXSourcesBuildPhase section */

/* Begin PBXVariantGroup section */
		1C05E0392AF3AFBF00599BBF /* Main.storyboard */ = {
			isa = PBXVariantGroup;
			children = (
				1C05E03A2AF3AFBF00599BBF /* Base */,
			);
			name = Main.storyboard;
			sourceTree = "<group>";
		};
		1C05E03E2AF3AFBF00599BBF /* LaunchScreen.storyboard */ = {
			isa = PBXVariantGroup;
			children = (
				1C05E03F2AF3AFBF00599BBF /* Base */,
			);
			name = LaunchScreen.storyboard;
			sourceTree = "<group>";
		};
/* End PBXVariantGroup section */

/* Begin XCBuildConfiguration section */
		1C05E0422AF3AFBF00599BBF /* Debug */ = {
			isa = XCBuildConfiguration;
			buildSettings = {
				ALWAYS_SEARCH_USER_PATHS = NO;
				CLANG_ANALYZER_NONNULL = YES;
				CLANG_ANALYZER_NUMBER_OBJECT_CONVERSION = YES_AGGRESSIVE;
				CLANG_CXX_LANGUAGE_STANDARD = "gnu++20";
				CLANG_ENABLE_MODULES = YES;
				CLANG_ENABLE_OBJC_ARC = YES;
				CLANG_ENABLE_OBJC_WEAK = YES;
				CLANG_WARN_BLOCK_CAPTURE_AUTORELEASING = YES;
				CLANG_WARN_BOOL_CONVERSION = YES;
				CLANG_WARN_COMMA = YES;
				CLANG_WARN_CONSTANT_CONVERSION = YES;
				CLANG_WARN_DEPRECATED_OBJC_IMPLEMENTATIONS = YES;
				CLANG_WARN_DIRECT_OBJC_ISA_USAGE = YES_ERROR;
				CLANG_WARN_DOCUMENTATION_COMMENTS = YES;
				CLANG_WARN_EMPTY_BODY = YES;
				CLANG_WARN_ENUM_CONVERSION = YES;
				CLANG_WARN_INFINITE_RECURSION = YES;
				CLANG_WARN_INT_CONVERSION = YES;
				CLANG_WARN_NON_LITERAL_NULL_CONVERSION = YES;
				CLANG_WARN_OBJC_IMPLICIT_RETAIN_SELF = YES;
				CLANG_WARN_OBJC_LITERAL_CONVERSION = YES;
				CLANG_WARN_OBJC_ROOT_CLASS = YES_ERROR;
				CLANG_WARN_QUOTED_INCLUDE_IN_FRAMEWORK_HEADER = YES;
				CLANG_WARN_RANGE_LOOP_ANALYSIS = YES;
				CLANG_WARN_STRICT_PROTOTYPES = YES;
				CLANG_WARN_SUSPICIOUS_MOVE = YES;
				CLANG_WARN_UNGUARDED_AVAILABILITY = YES_AGGRESSIVE;
				CLANG_WARN_UNREACHABLE_CODE = YES;
				CLANG_WARN__DUPLICATE_METHOD_MATCH = YES;
				COPY_PHASE_STRIP = NO;
				DEBUG_INFORMATION_FORMAT = dwarf;
				ENABLE_STRICT_OBJC_MSGSEND = YES;
				ENABLE_TESTABILITY = YES;
				GCC_C_LANGUAGE_STANDARD = gnu11;
				GCC_DYNAMIC_NO_PIC = NO;
				GCC_NO_COMMON_BLOCKS = YES;
				GCC_OPTIMIZATION_LEVEL = 0;
				GCC_PREPROCESSOR_DEFINITIONS = (
					"DEBUG=1",
					"$(inherited)",
				);
				GCC_WARN_64_TO_32_BIT_CONVERSION = YES;
				GCC_WARN_ABOUT_RETURN_TYPE = YES_ERROR;
				GCC_WARN_UNDECLARED_SELECTOR = YES;
				GCC_WARN_UNINITIALIZED_AUTOS = YES_AGGRESSIVE;
				GCC_WARN_UNUSED_FUNCTION = YES;
				GCC_WARN_UNUSED_VARIABLE = YES;
				IPHONEOS_DEPLOYMENT_TARGET = 16.4;
				MTL_ENABLE_DEBUG_INFO = INCLUDE_SOURCE;
				MTL_FAST_MATH = YES;
				ONLY_ACTIVE_ARCH = YES;
				SDKROOT = iphoneos;
				SWIFT_ACTIVE_COMPILATION_CONDITIONS = DEBUG;
				SWIFT_OPTIMIZATION_LEVEL = "-Onone";
			};
			name = Debug;
		};
		1C05E0432AF3AFBF00599BBF /* Release */ = {
			isa = XCBuildConfiguration;
			buildSettings = {
				ALWAYS_SEARCH_USER_PATHS = NO;
				CLANG_ANALYZER_NONNULL = YES;
				CLANG_ANALYZER_NUMBER_OBJECT_CONVERSION = YES_AGGRESSIVE;
				CLANG_CXX_LANGUAGE_STANDARD = "gnu++20";
				CLANG_ENABLE_MODULES = YES;
				CLANG_ENABLE_OBJC_ARC = YES;
				CLANG_ENABLE_OBJC_WEAK = YES;
				CLANG_WARN_BLOCK_CAPTURE_AUTORELEASING = YES;
				CLANG_WARN_BOOL_CONVERSION = YES;
				CLANG_WARN_COMMA = YES;
				CLANG_WARN_CONSTANT_CONVERSION = YES;
				CLANG_WARN_DEPRECATED_OBJC_IMPLEMENTATIONS = YES;
				CLANG_WARN_DIRECT_OBJC_ISA_USAGE = YES_ERROR;
				CLANG_WARN_DOCUMENTATION_COMMENTS = YES;
				CLANG_WARN_EMPTY_BODY = YES;
				CLANG_WARN_ENUM_CONVERSION = YES;
				CLANG_WARN_INFINITE_RECURSION = YES;
				CLANG_WARN_INT_CONVERSION = YES;
				CLANG_WARN_NON_LITERAL_NULL_CONVERSION = YES;
				CLANG_WARN_OBJC_IMPLICIT_RETAIN_SELF = YES;
				CLANG_WARN_OBJC_LITERAL_CONVERSION = YES;
				CLANG_WARN_OBJC_ROOT_CLASS = YES_ERROR;
				CLANG_WARN_QUOTED_INCLUDE_IN_FRAMEWORK_HEADER = YES;
				CLANG_WARN_RANGE_LOOP_ANALYSIS = YES;
				CLANG_WARN_STRICT_PROTOTYPES = YES;
				CLANG_WARN_SUSPICIOUS_MOVE = YES;
				CLANG_WARN_UNGUARDED_AVAILABILITY = YES_AGGRESSIVE;
				CLANG_WARN_UNREACHABLE_CODE = YES;
				CLANG_WARN__DUPLICATE_METHOD_MATCH = YES;
				COPY_PHASE_STRIP = NO;
				DEBUG_INFORMATION_FORMAT = "dwarf-with-dsym";
				ENABLE_NS_ASSERTIONS = NO;
				ENABLE_STRICT_OBJC_MSGSEND = YES;
				GCC_C_LANGUAGE_STANDARD = gnu11;
				GCC_NO_COMMON_BLOCKS = YES;
				GCC_WARN_64_TO_32_BIT_CONVERSION = YES;
				GCC_WARN_ABOUT_RETURN_TYPE = YES_ERROR;
				GCC_WARN_UNDECLARED_SELECTOR = YES;
				GCC_WARN_UNINITIALIZED_AUTOS = YES_AGGRESSIVE;
				GCC_WARN_UNUSED_FUNCTION = YES;
				GCC_WARN_UNUSED_VARIABLE = YES;
				IPHONEOS_DEPLOYMENT_TARGET = 16.4;
				MTL_ENABLE_DEBUG_INFO = NO;
				MTL_FAST_MATH = YES;
				SDKROOT = iphoneos;
				SWIFT_COMPILATION_MODE = wholemodule;
				SWIFT_OPTIMIZATION_LEVEL = "-O";
				VALIDATE_PRODUCT = YES;
			};
			name = Release;
		};
		1C05E0452AF3AFBF00599BBF /* Debug */ = {
			isa = XCBuildConfiguration;
			buildSettings = {
				ASSETCATALOG_COMPILER_APPICON_NAME = AppIcon;
				ASSETCATALOG_COMPILER_GLOBAL_ACCENT_COLOR_NAME = AccentColor;
				CODE_SIGN_STYLE = Automatic;
				CURRENT_PROJECT_VERSION = 1;
				GENERATE_INFOPLIST_FILE = YES;
				INFOPLIST_FILE = "UMC#4/Info.plist";
				INFOPLIST_KEY_UIApplicationSupportsIndirectInputEvents = YES;
				INFOPLIST_KEY_UILaunchStoryboardName = LaunchScreen;
				INFOPLIST_KEY_UIMainStoryboardFile = Main;
				INFOPLIST_KEY_UISupportedInterfaceOrientations = UIInterfaceOrientationPortrait;
				INFOPLIST_KEY_UISupportedInterfaceOrientations_iPad = "UIInterfaceOrientationLandscapeLeft UIInterfaceOrientationLandscapeRight UIInterfaceOrientationPortrait UIInterfaceOrientationPortraitUpsideDown";
				IPHONEOS_DEPLOYMENT_TARGET = 15.0;
				LD_RUNPATH_SEARCH_PATHS = (
					"$(inherited)",
					"@executable_path/Frameworks",
				);
				MARKETING_VERSION = 1.0;
				PRODUCT_BUNDLE_IDENTIFIER = "com.0ne.UMC-4";
				PRODUCT_NAME = "$(TARGET_NAME)";
				SUPPORTED_PLATFORMS = "iphoneos iphonesimulator";
				SUPPORTS_MACCATALYST = NO;
				SUPPORTS_MAC_DESIGNED_FOR_IPHONE_IPAD = NO;
				SWIFT_EMIT_LOC_STRINGS = YES;
				SWIFT_VERSION = 5.0;
				TARGETED_DEVICE_FAMILY = 1;
			};
			name = Debug;
		};
		1C05E0462AF3AFBF00599BBF /* Release */ = {
			isa = XCBuildConfiguration;
			buildSettings = {
				ASSETCATALOG_COMPILER_APPICON_NAME = AppIcon;
				ASSETCATALOG_COMPILER_GLOBAL_ACCENT_COLOR_NAME = AccentColor;
				CODE_SIGN_STYLE = Automatic;
				CURRENT_PROJECT_VERSION = 1;
				GENERATE_INFOPLIST_FILE = YES;
				INFOPLIST_FILE = "UMC#4/Info.plist";
				INFOPLIST_KEY_UIApplicationSupportsIndirectInputEvents = YES;
				INFOPLIST_KEY_UILaunchStoryboardName = LaunchScreen;
				INFOPLIST_KEY_UIMainStoryboardFile = Main;
				INFOPLIST_KEY_UISupportedInterfaceOrientations = UIInterfaceOrientationPortrait;
				INFOPLIST_KEY_UISupportedInterfaceOrientations_iPad = "UIInterfaceOrientationLandscapeLeft UIInterfaceOrientationLandscapeRight UIInterfaceOrientationPortrait UIInterfaceOrientationPortraitUpsideDown";
				IPHONEOS_DEPLOYMENT_TARGET = 15.0;
				LD_RUNPATH_SEARCH_PATHS = (
					"$(inherited)",
					"@executable_path/Frameworks",
				);
				MARKETING_VERSION = 1.0;
				PRODUCT_BUNDLE_IDENTIFIER = "com.0ne.UMC-4";
				PRODUCT_NAME = "$(TARGET_NAME)";
				SUPPORTED_PLATFORMS = "iphoneos iphonesimulator";
				SUPPORTS_MACCATALYST = NO;
				SUPPORTS_MAC_DESIGNED_FOR_IPHONE_IPAD = NO;
				SWIFT_EMIT_LOC_STRINGS = YES;
				SWIFT_VERSION = 5.0;
				TARGETED_DEVICE_FAMILY = 1;
			};
			name = Release;
		};
/* End XCBuildConfiguration section */

/* Begin XCConfigurationList section */
		1C05E02B2AF3AFBF00599BBF /* Build configuration list for PBXProject "UMC#4" */ = {
			isa = XCConfigurationList;
			buildConfigurations = (
				1C05E0422AF3AFBF00599BBF /* Debug */,
				1C05E0432AF3AFBF00599BBF /* Release */,
			);
			defaultConfigurationIsVisible = 0;
			defaultConfigurationName = Release;
		};
		1C05E0442AF3AFBF00599BBF /* Build configuration list for PBXNativeTarget "UMC#4" */ = {
			isa = XCConfigurationList;
			buildConfigurations = (
				1C05E0452AF3AFBF00599BBF /* Debug */,
				1C05E0462AF3AFBF00599BBF /* Release */,
			);
			defaultConfigurationIsVisible = 0;
			defaultConfigurationName = Release;
		};
/* End XCConfigurationList section */
	};
	rootObject = 1C05E0282AF3AFBF00599BBF /* Project object */;
}
